// !$*UTF8*$!
{
	archiveVersion = 1;
	classes = {
	};
	objectVersion = 46;
	objects = {

/* Begin PBXBuildFile section */
		FAD7420019FC2F72001BE270 /* AppDelegate.m in Sources */ = {isa = PBXBuildFile; fileRef = FAD741FF19FC2F72001BE270 /* AppDelegate.m */; };
		FAD7420219FC2F72001BE270 /* main.m in Sources */ = {isa = PBXBuildFile; fileRef = FAD7420119FC2F72001BE270 /* main.m */; };
		FAD7420419FC2F72001BE270 /* Images.xcassets in Resources */ = {isa = PBXBuildFile; fileRef = FAD7420319FC2F72001BE270 /* Images.xcassets */; };
		FAD7420719FC2F72001BE270 /* MainMenu.xib in Resources */ = {isa = PBXBuildFile; fileRef = FAD7420519FC2F72001BE270 /* MainMenu.xib */; };
		FAD7421319FC2F72001BE270 /* AMPTests.m in Sources */ = {isa = PBXBuildFile; fileRef = FAD7421219FC2F72001BE270 /* AMPTests.m */; };
/* End PBXBuildFile section */

/* Begin PBXContainerItemProxy section */
		FAD7420D19FC2F72001BE270 /* PBXContainerItemProxy */ = {
			isa = PBXContainerItemProxy;
			containerPortal = FAD741F119FC2F72001BE270 /* Project object */;
			proxyType = 1;
			remoteGlobalIDString = FAD741F819FC2F72001BE270;
			remoteInfo = AMP;
		};
/* End PBXContainerItemProxy section */

/* Begin PBXFileReference section */
		FAD741F919FC2F72001BE270 /* AMP.app */ = {isa = PBXFileReference; explicitFileType = wrapper.application; includeInIndex = 0; path = AMP.app; sourceTree = BUILT_PRODUCTS_DIR; };
		FAD741FD19FC2F72001BE270 /* Info.plist */ = {isa = PBXFileReference; lastKnownFileType = text.plist.xml; path = Info.plist; sourceTree = "<group>"; };
		FAD741FE19FC2F72001BE270 /* AppDelegate.h */ = {isa = PBXFileReference; lastKnownFileType = sourcecode.c.h; path = AppDelegate.h; sourceTree = "<group>"; };
		FAD741FF19FC2F72001BE270 /* AppDelegate.m */ = {isa = PBXFileReference; lastKnownFileType = sourcecode.c.objc; path = AppDelegate.m; sourceTree = "<group>"; };
		FAD7420119FC2F72001BE270 /* main.m */ = {isa = PBXFileReference; lastKnownFileType = sourcecode.c.objc; path = main.m; sourceTree = "<group>"; };
		FAD7420319FC2F72001BE270 /* Images.xcassets */ = {isa = PBXFileReference; lastKnownFileType = folder.assetcatalog; path = Images.xcassets; sourceTree = "<group>"; };
		FAD7420619FC2F72001BE270 /* Base */ = {isa = PBXFileReference; lastKnownFileType = file.xib; name = Base; path = Base.lproj/MainMenu.xib; sourceTree = "<group>"; };
		FAD7420C19FC2F72001BE270 /* AMPTests.xctest */ = {isa = PBXFileReference; explicitFileType = wrapper.cfbundle; includeInIndex = 0; path = AMPTests.xctest; sourceTree = BUILT_PRODUCTS_DIR; };
		FAD7421119FC2F72001BE270 /* Info.plist */ = {isa = PBXFileReference; lastKnownFileType = text.plist.xml; path = Info.plist; sourceTree = "<group>"; };
		FAD7421219FC2F72001BE270 /* AMPTests.m */ = {isa = PBXFileReference; lastKnownFileType = sourcecode.c.objc; path = AMPTests.m; sourceTree = "<group>"; };
/* End PBXFileReference section */

/* Begin PBXFrameworksBuildPhase section */
		FAD741F619FC2F72001BE270 /* Frameworks */ = {
			isa = PBXFrameworksBuildPhase;
			buildActionMask = 2147483647;
			files = (
			);
			runOnlyForDeploymentPostprocessing = 0;
		};
		FAD7420919FC2F72001BE270 /* Frameworks */ = {
			isa = PBXFrameworksBuildPhase;
			buildActionMask = 2147483647;
			files = (
			);
			runOnlyForDeploymentPostprocessing = 0;
		};
/* End PBXFrameworksBuildPhase section */

/* Begin PBXGroup section */
		FAD741F019FC2F72001BE270 = {
			isa = PBXGroup;
			children = (
				FAD741FB19FC2F72001BE270 /* AMP */,
				FAD7420F19FC2F72001BE270 /* AMPTests */,
				FAD741FA19FC2F72001BE270 /* Products */,
			);
			sourceTree = "<group>";
		};
		FAD741FA19FC2F72001BE270 /* Products */ = {
			isa = PBXGroup;
			children = (
				FAD741F919FC2F72001BE270 /* AMP.app */,
				FAD7420C19FC2F72001BE270 /* AMPTests.xctest */,
			);
			name = Products;
			sourceTree = "<group>";
		};
		FAD741FB19FC2F72001BE270 /* AMP */ = {
			isa = PBXGroup;
			children = (
				FAD741FE19FC2F72001BE270 /* AppDelegate.h */,
				FAD741FF19FC2F72001BE270 /* AppDelegate.m */,
				FAD7420319FC2F72001BE270 /* Images.xcassets */,
				FAD7420519FC2F72001BE270 /* MainMenu.xib */,
				FAD741FC19FC2F72001BE270 /* Supporting Files */,
			);
			path = AMP;
			sourceTree = "<group>";
		};
		FAD741FC19FC2F72001BE270 /* Supporting Files */ = {
			isa = PBXGroup;
			children = (
				FAD741FD19FC2F72001BE270 /* Info.plist */,
				FAD7420119FC2F72001BE270 /* main.m */,
			);
			name = "Supporting Files";
			sourceTree = "<group>";
		};
		FAD7420F19FC2F72001BE270 /* AMPTests */ = {
			isa = PBXGroup;
			children = (
				FAD7421219FC2F72001BE270 /* AMPTests.m */,
				FAD7421019FC2F72001BE270 /* Supporting Files */,
			);
			path = AMPTests;
			sourceTree = "<group>";
		};
		FAD7421019FC2F72001BE270 /* Supporting Files */ = {
			isa = PBXGroup;
			children = (
				FAD7421119FC2F72001BE270 /* Info.plist */,
			);
			name = "Supporting Files";
			sourceTree = "<group>";
		};
/* End PBXGroup section */

/* Begin PBXNativeTarget section */
		FAD741F819FC2F72001BE270 /* AMP */ = {
			isa = PBXNativeTarget;
			buildConfigurationList = FAD7421619FC2F72001BE270 /* Build configuration list for PBXNativeTarget "AMP" */;
			buildPhases = (
				FAD741F519FC2F72001BE270 /* Sources */,
				FAD741F619FC2F72001BE270 /* Frameworks */,
				FAD741F719FC2F72001BE270 /* Resources */,
			);
			buildRules = (
			);
			dependencies = (
			);
			name = AMP;
			productName = AMP;
			productReference = FAD741F919FC2F72001BE270 /* AMP.app */;
			productType = "com.apple.product-type.application";
		};
		FAD7420B19FC2F72001BE270 /* AMPTests */ = {
			isa = PBXNativeTarget;
			buildConfigurationList = FAD7421919FC2F72001BE270 /* Build configuration list for PBXNativeTarget "AMPTests" */;
			buildPhases = (
				FAD7420819FC2F72001BE270 /* Sources */,
				FAD7420919FC2F72001BE270 /* Frameworks */,
				FAD7420A19FC2F72001BE270 /* Resources */,
			);
			buildRules = (
			);
			dependencies = (
				FAD7420E19FC2F72001BE270 /* PBXTargetDependency */,
			);
			name = AMPTests;
			productName = AMPTests;
			productReference = FAD7420C19FC2F72001BE270 /* AMPTests.xctest */;
			productType = "com.apple.product-type.bundle.unit-test";
		};
/* End PBXNativeTarget section */

/* Begin PBXProject section */
		FAD741F119FC2F72001BE270 /* Project object */ = {
			isa = PBXProject;
			attributes = {
				LastUpgradeCheck = 0610;
				ORGANIZATIONNAME = Dolo;
				TargetAttributes = {
					FAD741F819FC2F72001BE270 = {
						CreatedOnToolsVersion = 6.1;
					};
					FAD7420B19FC2F72001BE270 = {
						CreatedOnToolsVersion = 6.1;
						TestTargetID = FAD741F819FC2F72001BE270;
					};
				};
			};
			buildConfigurationList = FAD741F419FC2F72001BE270 /* Build configuration list for PBXProject "AMP" */;
			compatibilityVersion = "Xcode 3.2";
			developmentRegion = English;
			hasScannedForEncodings = 0;
			knownRegions = (
				en,
				Base,
			);
			mainGroup = FAD741F019FC2F72001BE270;
			productRefGroup = FAD741FA19FC2F72001BE270 /* Products */;
			projectDirPath = "";
			projectRoot = "";
			targets = (
				FAD741F819FC2F72001BE270 /* AMP */,
				FAD7420B19FC2F72001BE270 /* AMPTests */,
			);
		};
/* End PBXProject section */

/* Begin PBXResourcesBuildPhase section */
		FAD741F719FC2F72001BE270 /* Resources */ = {
			isa = PBXResourcesBuildPhase;
			buildActionMask = 2147483647;
			files = (
				FAD7420419FC2F72001BE270 /* Images.xcassets in Resources */,
				FAD7420719FC2F72001BE270 /* MainMenu.xib in Resources */,
			);
			runOnlyForDeploymentPostprocessing = 0;
		};
		FAD7420A19FC2F72001BE270 /* Resources */ = {
			isa = PBXResourcesBuildPhase;
			buildActionMask = 2147483647;
			files = (
			);
			runOnlyForDeploymentPostprocessing = 0;
		};
/* End PBXResourcesBuildPhase section */

/* Begin PBXSourcesBuildPhase section */
		FAD741F519FC2F72001BE270 /* Sources */ = {
			isa = PBXSourcesBuildPhase;
			buildActionMask = 2147483647;
			files = (
				FAD7420219FC2F72001BE270 /* main.m in Sources */,
				FAD7420019FC2F72001BE270 /* AppDelegate.m in Sources */,
			);
			runOnlyForDeploymentPostprocessing = 0;
		};
		FAD7420819FC2F72001BE270 /* Sources */ = {
			isa = PBXSourcesBuildPhase;
			buildActionMask = 2147483647;
			files = (
				FAD7421319FC2F72001BE270 /* AMPTests.m in Sources */,
			);
			runOnlyForDeploymentPostprocessing = 0;
		};
/* End PBXSourcesBuildPhase section */

/* Begin PBXTargetDependency section */
		FAD7420E19FC2F72001BE270 /* PBXTargetDependency */ = {
			isa = PBXTargetDependency;
			target = FAD741F819FC2F72001BE270 /* AMP */;
			targetProxy = FAD7420D19FC2F72001BE270 /* PBXContainerItemProxy */;
		};
/* End PBXTargetDependency section */

/* Begin PBXVariantGroup section */
		FAD7420519FC2F72001BE270 /* MainMenu.xib */ = {
			isa = PBXVariantGroup;
			children = (
				FAD7420619FC2F72001BE270 /* Base */,
			);
			name = MainMenu.xib;
			sourceTree = "<group>";
		};
/* End PBXVariantGroup section */

/* Begin XCBuildConfiguration section */
		FAD7421419FC2F72001BE270 /* Debug */ = {
			isa = XCBuildConfiguration;
			buildSettings = {
				ALWAYS_SEARCH_USER_PATHS = NO;
				CLANG_CXX_LANGUAGE_STANDARD = "gnu++0x";
				CLANG_CXX_LIBRARY = "libc++";
				CLANG_ENABLE_MODULES = YES;
				CLANG_ENABLE_OBJC_ARC = YES;
				CLANG_WARN_BOOL_CONVERSION = YES;
				CLANG_WARN_CONSTANT_CONVERSION = YES;
				CLANG_WARN_DIRECT_OBJC_ISA_USAGE = YES_ERROR;
				CLANG_WARN_EMPTY_BODY = YES;
				CLANG_WARN_ENUM_CONVERSION = YES;
				CLANG_WARN_INT_CONVERSION = YES;
				CLANG_WARN_OBJC_ROOT_CLASS = YES_ERROR;
				CLANG_WARN_UNREACHABLE_CODE = YES;
				CLANG_WARN__DUPLICATE_METHOD_MATCH = YES;
				CODE_SIGN_IDENTITY = "-";
				COPY_PHASE_STRIP = NO;
				ENABLE_STRICT_OBJC_MSGSEND = YES;
				GCC_C_LANGUAGE_STANDARD = gnu99;
				GCC_DYNAMIC_NO_PIC = NO;
				GCC_OPTIMIZATION_LEVEL = 0;
				GCC_PREPROCESSOR_DEFINITIONS = (
					"DEBUG=1",
					"$(inherited)",
				);
				GCC_SYMBOLS_PRIVATE_EXTERN = NO;
				GCC_WARN_64_TO_32_BIT_CONVERSION = YES;
				GCC_WARN_ABOUT_RETURN_TYPE = YES_ERROR;
				GCC_WARN_UNDECLARED_SELECTOR = YES;
				GCC_WARN_UNINITIALIZED_AUTOS = YES_AGGRESSIVE;
				GCC_WARN_UNUSED_FUNCTION = YES;
				GCC_WARN_UNUSED_VARIABLE = YES;
				MACOSX_DEPLOYMENT_TARGET = 10.9;
				MTL_ENABLE_DEBUG_INFO = YES;
				ONLY_ACTIVE_ARCH = YES;
				SDKROOT = macosx;
			};
			name = Debug;
		};
		FAD7421519FC2F72001BE270 /* Release */ = {
			isa = XCBuildConfiguration;
			buildSettings = {
				ALWAYS_SEARCH_USER_PATHS = NO;
				CLANG_CXX_LANGUAGE_STANDARD = "gnu++0x";
				CLANG_CXX_LIBRARY = "libc++";
				CLANG_ENABLE_MODULES = YES;
				CLANG_ENABLE_OBJC_ARC = YES;
				CLANG_WARN_BOOL_CONVERSION = YES;
				CLANG_WARN_CONSTANT_CONVERSION = YES;
				CLANG_WARN_DIRECT_OBJC_ISA_USAGE = YES_ERROR;
				CLANG_WARN_EMPTY_BODY = YES;
				CLANG_WARN_ENUM_CONVERSION = YES;
				CLANG_WARN_INT_CONVERSION = YES;
				CLANG_WARN_OBJC_ROOT_CLASS = YES_ERROR;
				CLANG_WARN_UNREACHABLE_CODE = YES;
				CLANG_WARN__DUPLICATE_METHOD_MATCH = YES;
				CODE_SIGN_IDENTITY = "-";
				COPY_PHASE_STRIP = YES;
				DEBUG_INFORMATION_FORMAT = "dwarf-with-dsym";
				ENABLE_NS_ASSERTIONS = NO;
				ENABLE_STRICT_OBJC_MSGSEND = YES;
				GCC_C_LANGUAGE_STANDARD = gnu99;
				GCC_WARN_64_TO_32_BIT_CONVERSION = YES;
				GCC_WARN_ABOUT_RETURN_TYPE = YES_ERROR;
				GCC_WARN_UNDECLARED_SELECTOR = YES;
				GCC_WARN_UNINITIALIZED_AUTOS = YES_AGGRESSIVE;
				GCC_WARN_UNUSED_FUNCTION = YES;
				GCC_WARN_UNUSED_VARIABLE = YES;
				MACOSX_DEPLOYMENT_TARGET = 10.9;
				MTL_ENABLE_DEBUG_INFO = NO;
				SDKROOT = macosx;
			};
			name = Release;
		};
		FAD7421719FC2F72001BE270 /* Debug */ = {
			isa = XCBuildConfiguration;
			buildSettings = {
				ASSETCATALOG_COMPILER_APPICON_NAME = AppIcon;
				COMBINE_HIDPI_IMAGES = YES;
				INFOPLIST_FILE = AMP/Info.plist;
				LD_RUNPATH_SEARCH_PATHS = "$(inherited) @executable_path/../Frameworks";
				PRODUCT_NAME = "$(TARGET_NAME)";
			};
			name = Debug;
		};
		FAD7421819FC2F72001BE270 /* Release */ = {
			isa = XCBuildConfiguration;
			buildSettings = {
				ASSETCATALOG_COMPILER_APPICON_NAME = AppIcon;
				COMBINE_HIDPI_IMAGES = YES;
				INFOPLIST_FILE = AMP/Info.plist;
				LD_RUNPATH_SEARCH_PATHS = "$(inherited) @executable_path/../Frameworks";
				PRODUCT_NAME = "$(TARGET_NAME)";
			};
			name = Release;
		};
		FAD7421A19FC2F72001BE270 /* Debug */ = {
			isa = XCBuildConfiguration;
			buildSettings = {
				BUNDLE_LOADER = "$(TEST_HOST)";
				COMBINE_HIDPI_IMAGES = YES;
				FRAMEWORK_SEARCH_PATHS = (
					"$(DEVELOPER_FRAMEWORKS_DIR)",
					"$(inherited)",
				);
				GCC_PREPROCESSOR_DEFINITIONS = (
					"DEBUG=1",
					"$(inherited)",
				);
				INFOPLIST_FILE = AMPTests/Info.plist;
				LD_RUNPATH_SEARCH_PATHS = "$(inherited) @executable_path/../Frameworks @loader_path/../Frameworks";
				PRODUCT_NAME = "$(TARGET_NAME)";
				TEST_HOST = "$(BUILT_PRODUCTS_DIR)/AMP.app/Contents/MacOS/AMP";
			};
			name = Debug;
		};
		FAD7421B19FC2F72001BE270 /* Release */ = {
			isa = XCBuildConfiguration;
			buildSettings = {
				BUNDLE_LOADER = "$(TEST_HOST)";
				COMBINE_HIDPI_IMAGES = YES;
				FRAMEWORK_SEARCH_PATHS = (
					"$(DEVELOPER_FRAMEWORKS_DIR)",
					"$(inherited)",
				);
				INFOPLIST_FILE = AMPTests/Info.plist;
				LD_RUNPATH_SEARCH_PATHS = "$(inherited) @executable_path/../Frameworks @loader_path/../Frameworks";
				PRODUCT_NAME = "$(TARGET_NAME)";
				TEST_HOST = "$(BUILT_PRODUCTS_DIR)/AMP.app/Contents/MacOS/AMP";
			};
			name = Release;
		};
/* End XCBuildConfiguration section */

/* Begin XCConfigurationList section */
		FAD741F419FC2F72001BE270 /* Build configuration list for PBXProject "AMP" */ = {
			isa = XCConfigurationList;
			buildConfigurations = (
				FAD7421419FC2F72001BE270 /* Debug */,
				FAD7421519FC2F72001BE270 /* Release */,
			);
			defaultConfigurationIsVisible = 0;
			defaultConfigurationName = Release;
		};
		FAD7421619FC2F72001BE270 /* Build configuration list for PBXNativeTarget "AMP" */ = {
			isa = XCConfigurationList;
			buildConfigurations = (
				FAD7421719FC2F72001BE270 /* Debug */,
				FAD7421819FC2F72001BE270 /* Release */,
			);
			defaultConfigurationIsVisible = 0;
		};
		FAD7421919FC2F72001BE270 /* Build configuration list for PBXNativeTarget "AMPTests" */ = {
			isa = XCConfigurationList;
			buildConfigurations = (
				FAD7421A19FC2F72001BE270 /* Debug */,
				FAD7421B19FC2F72001BE270 /* Release */,
			);
			defaultConfigurationIsVisible = 0;
		};
/* End XCConfigurationList section */
	};
	rootObject = FAD741F119FC2F72001BE270 /* Project object */;
}
