// !$*UTF8*$!
{
	archiveVersion = 1;
	classes = {
	};
	objectVersion = 46;
	objects = {

/* Begin PBXBuildFile section */
		F439CA2B1822A01B002F09E2 /* IOKit.framework in Frameworks */ = {isa = PBXBuildFile; fileRef = F439CA2A1822A01B002F09E2 /* IOKit.framework */; };
		F4927C9618224EE900C1A82D /* Cocoa.framework in Frameworks */ = {isa = PBXBuildFile; fileRef = F4927C9518224EE900C1A82D /* Cocoa.framework */; };
		F4927CA018224EE900C1A82D /* InfoPlist.strings in Resources */ = {isa = PBXBuildFile; fileRef = F4927C9E18224EE900C1A82D /* InfoPlist.strings */; };
		F4927CA218224EE900C1A82D /* main.m in Sources */ = {isa = PBXBuildFile; fileRef = F4927CA118224EE900C1A82D /* main.m */; };
		F4927CA618224EE900C1A82D /* Credits.rtf in Resources */ = {isa = PBXBuildFile; fileRef = F4927CA418224EE900C1A82D /* Credits.rtf */; };
		F4927CB518224EE900C1A82D /* XCTest.framework in Frameworks */ = {isa = PBXBuildFile; fileRef = F4927CB418224EE900C1A82D /* XCTest.framework */; };
		F4927CB618224EE900C1A82D /* Cocoa.framework in Frameworks */ = {isa = PBXBuildFile; fileRef = F4927C9518224EE900C1A82D /* Cocoa.framework */; };
		F4927CBE18224EEA00C1A82D /* InfoPlist.strings in Resources */ = {isa = PBXBuildFile; fileRef = F4927CBC18224EEA00C1A82D /* InfoPlist.strings */; };
		FA01EDC119FCCAAC00034F00 /* ADArduino.m in Sources */ = {isa = PBXBuildFile; fileRef = FA01EDB719FCCAAC00034F00 /* ADArduino.m */; };
		FA01EDC219FCCAAC00034F00 /* ADArduinoPin.m in Sources */ = {isa = PBXBuildFile; fileRef = FA01EDB919FCCAAC00034F00 /* ADArduinoPin.m */; };
		FA01EDC319FCCAAC00034F00 /* ADCircularBuffer.c in Sources */ = {isa = PBXBuildFile; fileRef = FA01EDBA19FCCAAC00034F00 /* ADCircularBuffer.c */; };
		FA01EDC419FCCAAC00034F00 /* ADFirmata.m in Sources */ = {isa = PBXBuildFile; fileRef = FA01EDBD19FCCAAC00034F00 /* ADFirmata.m */; };
		FA01EDC519FCCAAC00034F00 /* ADSerialPort.m in Sources */ = {isa = PBXBuildFile; fileRef = FA01EDC019FCCAAC00034F00 /* ADSerialPort.m */; };
		FA01EDC819FCCABB00034F00 /* ADUnixSerialPort.m in Sources */ = {isa = PBXBuildFile; fileRef = FA01EDC719FCCABB00034F00 /* ADUnixSerialPort.m */; };
		FA01EDCD19FCCACF00034F00 /* ORSSerialPort.m in Sources */ = {isa = PBXBuildFile; fileRef = FA01EDCA19FCCACF00034F00 /* ORSSerialPort.m */; };
		FA01EDCE19FCCACF00034F00 /* ORSSerialPortManager.m in Sources */ = {isa = PBXBuildFile; fileRef = FA01EDCC19FCCACF00034F00 /* ORSSerialPortManager.m */; };
		FA01EDD619FCCAF300034F00 /* AMPAppDelegate.m in Sources */ = {isa = PBXBuildFile; fileRef = FA01EDD019FCCAF300034F00 /* AMPAppDelegate.m */; };
		FA01EDD719FCCAF300034F00 /* AMPGalileoWindowController.m in Sources */ = {isa = PBXBuildFile; fileRef = FA01EDD219FCCAF300034F00 /* AMPGalileoWindowController.m */; };
		FA01EDD819FCCAF300034F00 /* AMPMainViewController.m in Sources */ = {isa = PBXBuildFile; fileRef = FA01EDD419FCCAF300034F00 /* AMPMainViewController.m */; };
		FA01EDD919FCCAF300034F00 /* AMPMainViewController.xib in Resources */ = {isa = PBXBuildFile; fileRef = FA01EDD519FCCAF300034F00 /* AMPMainViewController.xib */; };
		FA01EDDD19FCCB0C00034F00 /* MainMenu.xib in Resources */ = {isa = PBXBuildFile; fileRef = FA01EDDA19FCCB0C00034F00 /* MainMenu.xib */; };
		FA01EDDE19FCCB0C00034F00 /* Images.xcassets in Resources */ = {isa = PBXBuildFile; fileRef = FA01EDDC19FCCB0C00034F00 /* Images.xcassets */; };
		FA01EDE019FCCB3E00034F00 /* HueSDK_OSX.framework in Frameworks */ = {isa = PBXBuildFile; fileRef = FA01EDDF19FCCB3E00034F00 /* HueSDK_OSX.framework */; };
		FA01EDE119FCCC8D00034F00 /* 481AMPTests.m in Sources */ = {isa = PBXBuildFile; fileRef = FA01EDB419FCCA4300034F00 /* 481AMPTests.m */; };
		FA01EDEF19FDC41A00034F00 /* PHLoadingViewController.m in Sources */ = {isa = PBXBuildFile; fileRef = FA01EDE519FDC41A00034F00 /* PHLoadingViewController.m */; };
		FA01EDF019FDC41A00034F00 /* PHLoadingViewController.xib in Resources */ = {isa = PBXBuildFile; fileRef = FA01EDE619FDC41A00034F00 /* PHLoadingViewController.xib */; };
		FA01EDF119FDC41A00034F00 /* PHBridgePushLinkViewController.m in Sources */ = {isa = PBXBuildFile; fileRef = FA01EDE819FDC41A00034F00 /* PHBridgePushLinkViewController.m */; };
		FA01EDF219FDC41A00034F00 /* PHBridgePushLinkViewController.xib in Resources */ = {isa = PBXBuildFile; fileRef = FA01EDE919FDC41A00034F00 /* PHBridgePushLinkViewController.xib */; };
		FA01EDF319FDC41A00034F00 /* PHBridgeSelectionViewController.m in Sources */ = {isa = PBXBuildFile; fileRef = FA01EDEB19FDC41A00034F00 /* PHBridgeSelectionViewController.m */; };
		FA01EDF419FDC41A00034F00 /* PHBridgeSelectionViewController.xib in Resources */ = {isa = PBXBuildFile; fileRef = FA01EDEC19FDC41A00034F00 /* PHBridgeSelectionViewController.xib */; };
		FA01EDF519FDC41A00034F00 /* press_smartbridge.png in Resources */ = {isa = PBXBuildFile; fileRef = FA01EDEE19FDC41A00034F00 /* press_smartbridge.png */; };
		FA01EDF919FDC5D700034F00 /* AMPControlLightsViewController.m in Sources */ = {isa = PBXBuildFile; fileRef = FA01EDF719FDC5D700034F00 /* AMPControlLightsViewController.m */; };
		FA01EDFA19FDC5D700034F00 /* AMPControlLightsViewController.xib in Resources */ = {isa = PBXBuildFile; fileRef = FA01EDF819FDC5D700034F00 /* AMPControlLightsViewController.xib */; };
		FA01EE0E19FE139600034F00 /* AMPHueWindowController.m in Sources */ = {isa = PBXBuildFile; fileRef = FA01EE0D19FE139600034F00 /* AMPHueWindowController.m */; };
		FA01EE1119FE827400034F00 /* AMPDataManager.m in Sources */ = {isa = PBXBuildFile; fileRef = FA01EE1019FE827400034F00 /* AMPDataManager.m */; };
		FA28FD0C19FCC3F500C3C2AA /* DDAbstractDatabaseLogger.m in Sources */ = {isa = PBXBuildFile; fileRef = FA28FCFE19FCC3F500C3C2AA /* DDAbstractDatabaseLogger.m */; };
		FA28FD0D19FCC3F500C3C2AA /* DDASLLogger.m in Sources */ = {isa = PBXBuildFile; fileRef = FA28FD0019FCC3F500C3C2AA /* DDASLLogger.m */; };
		FA28FD0E19FCC3F500C3C2AA /* DDFileLogger.m in Sources */ = {isa = PBXBuildFile; fileRef = FA28FD0219FCC3F500C3C2AA /* DDFileLogger.m */; };
		FA28FD0F19FCC3F500C3C2AA /* DDLog.m in Sources */ = {isa = PBXBuildFile; fileRef = FA28FD0419FCC3F500C3C2AA /* DDLog.m */; };
		FA28FD1019FCC3F500C3C2AA /* DDTTYLogger.m in Sources */ = {isa = PBXBuildFile; fileRef = FA28FD0619FCC3F500C3C2AA /* DDTTYLogger.m */; };
		FA28FD1119FCC3F500C3C2AA /* ContextFilterLogFormatter.m in Sources */ = {isa = PBXBuildFile; fileRef = FA28FD0919FCC3F500C3C2AA /* ContextFilterLogFormatter.m */; };
		FA28FD1219FCC3F500C3C2AA /* DispatchQueueLogFormatter.m in Sources */ = {isa = PBXBuildFile; fileRef = FA28FD0B19FCC3F500C3C2AA /* DispatchQueueLogFormatter.m */; };
/* End PBXBuildFile section */

/* Begin PBXContainerItemProxy section */
		F4927CB718224EE900C1A82D /* PBXContainerItemProxy */ = {
			isa = PBXContainerItemProxy;
			containerPortal = F4927C8A18224EE900C1A82D /* Project object */;
			proxyType = 1;
			remoteGlobalIDString = F4927C9118224EE900C1A82D;
			remoteInfo = 481AMP;
		};
/* End PBXContainerItemProxy section */

/* Begin PBXFileReference section */
		F439CA2A1822A01B002F09E2 /* IOKit.framework */ = {isa = PBXFileReference; lastKnownFileType = wrapper.framework; name = IOKit.framework; path = System/Library/Frameworks/IOKit.framework; sourceTree = SDKROOT; };
		F4927C9218224EE900C1A82D /* 481AMP.app */ = {isa = PBXFileReference; explicitFileType = wrapper.application; includeInIndex = 0; path = 481AMP.app; sourceTree = BUILT_PRODUCTS_DIR; };
		F4927C9518224EE900C1A82D /* Cocoa.framework */ = {isa = PBXFileReference; lastKnownFileType = wrapper.framework; name = Cocoa.framework; path = System/Library/Frameworks/Cocoa.framework; sourceTree = SDKROOT; };
		F4927C9818224EE900C1A82D /* AppKit.framework */ = {isa = PBXFileReference; lastKnownFileType = wrapper.framework; name = AppKit.framework; path = System/Library/Frameworks/AppKit.framework; sourceTree = SDKROOT; };
		F4927C9918224EE900C1A82D /* CoreData.framework */ = {isa = PBXFileReference; lastKnownFileType = wrapper.framework; name = CoreData.framework; path = System/Library/Frameworks/CoreData.framework; sourceTree = SDKROOT; };
		F4927C9A18224EE900C1A82D /* Foundation.framework */ = {isa = PBXFileReference; lastKnownFileType = wrapper.framework; name = Foundation.framework; path = System/Library/Frameworks/Foundation.framework; sourceTree = SDKROOT; };
		F4927C9D18224EE900C1A82D /* 481AMP-Info.plist */ = {isa = PBXFileReference; lastKnownFileType = text.plist.xml; path = "481AMP-Info.plist"; sourceTree = "<group>"; };
		F4927C9F18224EE900C1A82D /* en */ = {isa = PBXFileReference; lastKnownFileType = text.plist.strings; name = en; path = en.lproj/InfoPlist.strings; sourceTree = "<group>"; };
		F4927CA118224EE900C1A82D /* main.m */ = {isa = PBXFileReference; lastKnownFileType = sourcecode.c.objc; path = main.m; sourceTree = "<group>"; };
		F4927CA318224EE900C1A82D /* 481AMP-Prefix.pch */ = {isa = PBXFileReference; lastKnownFileType = sourcecode.c.h; path = "481AMP-Prefix.pch"; sourceTree = "<group>"; };
		F4927CA518224EE900C1A82D /* en */ = {isa = PBXFileReference; lastKnownFileType = text.rtf; name = en; path = en.lproj/Credits.rtf; sourceTree = "<group>"; };
		F4927CB318224EE900C1A82D /* 481AMPTests.xctest */ = {isa = PBXFileReference; explicitFileType = wrapper.cfbundle; includeInIndex = 0; path = 481AMPTests.xctest; sourceTree = BUILT_PRODUCTS_DIR; };
		F4927CB418224EE900C1A82D /* XCTest.framework */ = {isa = PBXFileReference; lastKnownFileType = wrapper.framework; name = XCTest.framework; path = Library/Frameworks/XCTest.framework; sourceTree = DEVELOPER_DIR; };
		F4927CBB18224EE900C1A82D /* 481AMPTests-Info.plist */ = {isa = PBXFileReference; lastKnownFileType = text.plist.xml; path = "481AMPTests-Info.plist"; sourceTree = "<group>"; };
		F4927CBD18224EEA00C1A82D /* en */ = {isa = PBXFileReference; lastKnownFileType = text.plist.strings; name = en; path = en.lproj/InfoPlist.strings; sourceTree = "<group>"; };
		FA01EDB419FCCA4300034F00 /* 481AMPTests.m */ = {isa = PBXFileReference; fileEncoding = 4; lastKnownFileType = sourcecode.c.objc; path = 481AMPTests.m; sourceTree = "<group>"; };
		FA01EDB619FCCAAC00034F00 /* ADArduino.h */ = {isa = PBXFileReference; fileEncoding = 4; lastKnownFileType = sourcecode.c.h; path = ADArduino.h; sourceTree = "<group>"; };
		FA01EDB719FCCAAC00034F00 /* ADArduino.m */ = {isa = PBXFileReference; fileEncoding = 4; lastKnownFileType = sourcecode.c.objc; path = ADArduino.m; sourceTree = "<group>"; };
		FA01EDB819FCCAAC00034F00 /* ADArduinoPin.h */ = {isa = PBXFileReference; fileEncoding = 4; lastKnownFileType = sourcecode.c.h; path = ADArduinoPin.h; sourceTree = "<group>"; };
		FA01EDB919FCCAAC00034F00 /* ADArduinoPin.m */ = {isa = PBXFileReference; fileEncoding = 4; lastKnownFileType = sourcecode.c.objc; path = ADArduinoPin.m; sourceTree = "<group>"; };
		FA01EDBA19FCCAAC00034F00 /* ADCircularBuffer.c */ = {isa = PBXFileReference; fileEncoding = 4; lastKnownFileType = sourcecode.c.c; path = ADCircularBuffer.c; sourceTree = "<group>"; };
		FA01EDBB19FCCAAC00034F00 /* ADCircularBuffer.h */ = {isa = PBXFileReference; fileEncoding = 4; lastKnownFileType = sourcecode.c.h; path = ADCircularBuffer.h; sourceTree = "<group>"; };
		FA01EDBC19FCCAAC00034F00 /* ADFirmata.h */ = {isa = PBXFileReference; fileEncoding = 4; lastKnownFileType = sourcecode.c.h; path = ADFirmata.h; sourceTree = "<group>"; };
		FA01EDBD19FCCAAC00034F00 /* ADFirmata.m */ = {isa = PBXFileReference; fileEncoding = 4; lastKnownFileType = sourcecode.c.objc; path = ADFirmata.m; sourceTree = "<group>"; };
		FA01EDBE19FCCAAC00034F00 /* ADFirmataConst.h */ = {isa = PBXFileReference; fileEncoding = 4; lastKnownFileType = sourcecode.c.h; path = ADFirmataConst.h; sourceTree = "<group>"; };
		FA01EDBF19FCCAAC00034F00 /* ADSerialPort.h */ = {isa = PBXFileReference; fileEncoding = 4; lastKnownFileType = sourcecode.c.h; path = ADSerialPort.h; sourceTree = "<group>"; };
		FA01EDC019FCCAAC00034F00 /* ADSerialPort.m */ = {isa = PBXFileReference; fileEncoding = 4; lastKnownFileType = sourcecode.c.objc; path = ADSerialPort.m; sourceTree = "<group>"; };
		FA01EDC619FCCABB00034F00 /* ADUnixSerialPort.h */ = {isa = PBXFileReference; fileEncoding = 4; lastKnownFileType = sourcecode.c.h; name = ADUnixSerialPort.h; path = 481AMP/Library/osx/ADUnixSerialPort.h; sourceTree = SOURCE_ROOT; };
		FA01EDC719FCCABB00034F00 /* ADUnixSerialPort.m */ = {isa = PBXFileReference; fileEncoding = 4; lastKnownFileType = sourcecode.c.objc; name = ADUnixSerialPort.m; path = 481AMP/Library/osx/ADUnixSerialPort.m; sourceTree = SOURCE_ROOT; };
		FA01EDC919FCCACF00034F00 /* ORSSerialPort.h */ = {isa = PBXFileReference; fileEncoding = 4; lastKnownFileType = sourcecode.c.h; name = ORSSerialPort.h; path = osx/ORSSerialPort/Source/ORSSerialPort.h; sourceTree = "<group>"; };
		FA01EDCA19FCCACF00034F00 /* ORSSerialPort.m */ = {isa = PBXFileReference; fileEncoding = 4; lastKnownFileType = sourcecode.c.objc; name = ORSSerialPort.m; path = osx/ORSSerialPort/Source/ORSSerialPort.m; sourceTree = "<group>"; };
		FA01EDCB19FCCACF00034F00 /* ORSSerialPortManager.h */ = {isa = PBXFileReference; fileEncoding = 4; lastKnownFileType = sourcecode.c.h; name = ORSSerialPortManager.h; path = osx/ORSSerialPort/Source/ORSSerialPortManager.h; sourceTree = "<group>"; };
		FA01EDCC19FCCACF00034F00 /* ORSSerialPortManager.m */ = {isa = PBXFileReference; fileEncoding = 4; lastKnownFileType = sourcecode.c.objc; name = ORSSerialPortManager.m; path = osx/ORSSerialPort/Source/ORSSerialPortManager.m; sourceTree = "<group>"; };
		FA01EDCF19FCCADD00034F00 /* AMPAppDelegate.h */ = {isa = PBXFileReference; fileEncoding = 4; lastKnownFileType = sourcecode.c.h; name = AMPAppDelegate.h; path = 481AMP/AMPAppDelegate.h; sourceTree = SOURCE_ROOT; };
		FA01EDD019FCCAF300034F00 /* AMPAppDelegate.m */ = {isa = PBXFileReference; fileEncoding = 4; lastKnownFileType = sourcecode.c.objc; name = AMPAppDelegate.m; path = 481AMP/AMPAppDelegate.m; sourceTree = SOURCE_ROOT; };
		FA01EDD119FCCAF300034F00 /* AMPGalileoWindowController.h */ = {isa = PBXFileReference; fileEncoding = 4; lastKnownFileType = sourcecode.c.h; name = AMPGalileoWindowController.h; path = 481AMP/AMPGalileoWindowController.h; sourceTree = SOURCE_ROOT; };
		FA01EDD219FCCAF300034F00 /* AMPGalileoWindowController.m */ = {isa = PBXFileReference; fileEncoding = 4; lastKnownFileType = sourcecode.c.objc; name = AMPGalileoWindowController.m; path = 481AMP/AMPGalileoWindowController.m; sourceTree = SOURCE_ROOT; };
		FA01EDD319FCCAF300034F00 /* AMPMainViewController.h */ = {isa = PBXFileReference; fileEncoding = 4; lastKnownFileType = sourcecode.c.h; name = AMPMainViewController.h; path = 481AMP/AMPMainViewController.h; sourceTree = SOURCE_ROOT; };
		FA01EDD419FCCAF300034F00 /* AMPMainViewController.m */ = {isa = PBXFileReference; fileEncoding = 4; lastKnownFileType = sourcecode.c.objc; name = AMPMainViewController.m; path = 481AMP/AMPMainViewController.m; sourceTree = SOURCE_ROOT; };
		FA01EDD519FCCAF300034F00 /* AMPMainViewController.xib */ = {isa = PBXFileReference; fileEncoding = 4; lastKnownFileType = file.xib; name = AMPMainViewController.xib; path = 481AMP/AMPMainViewController.xib; sourceTree = SOURCE_ROOT; };
		FA01EDDB19FCCB0C00034F00 /* Base */ = {isa = PBXFileReference; lastKnownFileType = file.xib; name = Base; path = 481AMP/Base.lproj/MainMenu.xib; sourceTree = SOURCE_ROOT; };
		FA01EDDC19FCCB0C00034F00 /* Images.xcassets */ = {isa = PBXFileReference; lastKnownFileType = folder.assetcatalog; name = Images.xcassets; path = 481AMP/Images.xcassets; sourceTree = SOURCE_ROOT; };
		FA01EDDF19FCCB3E00034F00 /* HueSDK_OSX.framework */ = {isa = PBXFileReference; lastKnownFileType = wrapper.framework; path = HueSDK_OSX.framework; sourceTree = "<group>"; };
		FA01EDE419FDC41A00034F00 /* PHLoadingViewController.h */ = {isa = PBXFileReference; fileEncoding = 4; lastKnownFileType = sourcecode.c.h; path = PHLoadingViewController.h; sourceTree = "<group>"; };
		FA01EDE519FDC41A00034F00 /* PHLoadingViewController.m */ = {isa = PBXFileReference; fileEncoding = 4; lastKnownFileType = sourcecode.c.objc; path = PHLoadingViewController.m; sourceTree = "<group>"; };
		FA01EDE619FDC41A00034F00 /* PHLoadingViewController.xib */ = {isa = PBXFileReference; fileEncoding = 4; lastKnownFileType = file.xib; path = PHLoadingViewController.xib; sourceTree = "<group>"; };
		FA01EDE719FDC41A00034F00 /* PHBridgePushLinkViewController.h */ = {isa = PBXFileReference; fileEncoding = 4; lastKnownFileType = sourcecode.c.h; path = PHBridgePushLinkViewController.h; sourceTree = "<group>"; };
		FA01EDE819FDC41A00034F00 /* PHBridgePushLinkViewController.m */ = {isa = PBXFileReference; fileEncoding = 4; lastKnownFileType = sourcecode.c.objc; path = PHBridgePushLinkViewController.m; sourceTree = "<group>"; };
		FA01EDE919FDC41A00034F00 /* PHBridgePushLinkViewController.xib */ = {isa = PBXFileReference; fileEncoding = 4; lastKnownFileType = file.xib; path = PHBridgePushLinkViewController.xib; sourceTree = "<group>"; };
		FA01EDEA19FDC41A00034F00 /* PHBridgeSelectionViewController.h */ = {isa = PBXFileReference; fileEncoding = 4; lastKnownFileType = sourcecode.c.h; path = PHBridgeSelectionViewController.h; sourceTree = "<group>"; };
		FA01EDEB19FDC41A00034F00 /* PHBridgeSelectionViewController.m */ = {isa = PBXFileReference; fileEncoding = 4; lastKnownFileType = sourcecode.c.objc; path = PHBridgeSelectionViewController.m; sourceTree = "<group>"; };
		FA01EDEC19FDC41A00034F00 /* PHBridgeSelectionViewController.xib */ = {isa = PBXFileReference; fileEncoding = 4; lastKnownFileType = file.xib; path = PHBridgeSelectionViewController.xib; sourceTree = "<group>"; };
		FA01EDEE19FDC41A00034F00 /* press_smartbridge.png */ = {isa = PBXFileReference; lastKnownFileType = image.png; path = press_smartbridge.png; sourceTree = "<group>"; };
		FA01EDF619FDC5D700034F00 /* AMPControlLightsViewController.h */ = {isa = PBXFileReference; fileEncoding = 4; lastKnownFileType = sourcecode.c.h; path = AMPControlLightsViewController.h; sourceTree = "<group>"; };
		FA01EDF719FDC5D700034F00 /* AMPControlLightsViewController.m */ = {isa = PBXFileReference; fileEncoding = 4; lastKnownFileType = sourcecode.c.objc; path = AMPControlLightsViewController.m; sourceTree = "<group>"; };
		FA01EDF819FDC5D700034F00 /* AMPControlLightsViewController.xib */ = {isa = PBXFileReference; fileEncoding = 4; lastKnownFileType = file.xib; path = AMPControlLightsViewController.xib; sourceTree = "<group>"; };
		FA01EE0C19FE139600034F00 /* AMPHueWindowController.h */ = {isa = PBXFileReference; fileEncoding = 4; lastKnownFileType = sourcecode.c.h; path = AMPHueWindowController.h; sourceTree = "<group>"; };
		FA01EE0D19FE139600034F00 /* AMPHueWindowController.m */ = {isa = PBXFileReference; fileEncoding = 4; lastKnownFileType = sourcecode.c.objc; path = AMPHueWindowController.m; sourceTree = "<group>"; };
		FA01EE0F19FE827400034F00 /* AMPDataManager.h */ = {isa = PBXFileReference; fileEncoding = 4; lastKnownFileType = sourcecode.c.h; path = AMPDataManager.h; sourceTree = "<group>"; };
		FA01EE1019FE827400034F00 /* AMPDataManager.m */ = {isa = PBXFileReference; fileEncoding = 4; lastKnownFileType = sourcecode.c.objc; path = AMPDataManager.m; sourceTree = "<group>"; };
		FA28FCFD19FCC3F500C3C2AA /* DDAbstractDatabaseLogger.h */ = {isa = PBXFileReference; fileEncoding = 4; lastKnownFileType = sourcecode.c.h; path = DDAbstractDatabaseLogger.h; sourceTree = "<group>"; };
		FA28FCFE19FCC3F500C3C2AA /* DDAbstractDatabaseLogger.m */ = {isa = PBXFileReference; fileEncoding = 4; lastKnownFileType = sourcecode.c.objc; path = DDAbstractDatabaseLogger.m; sourceTree = "<group>"; };
		FA28FCFF19FCC3F500C3C2AA /* DDASLLogger.h */ = {isa = PBXFileReference; fileEncoding = 4; lastKnownFileType = sourcecode.c.h; path = DDASLLogger.h; sourceTree = "<group>"; };
		FA28FD0019FCC3F500C3C2AA /* DDASLLogger.m */ = {isa = PBXFileReference; fileEncoding = 4; lastKnownFileType = sourcecode.c.objc; path = DDASLLogger.m; sourceTree = "<group>"; };
		FA28FD0119FCC3F500C3C2AA /* DDFileLogger.h */ = {isa = PBXFileReference; fileEncoding = 4; lastKnownFileType = sourcecode.c.h; path = DDFileLogger.h; sourceTree = "<group>"; };
		FA28FD0219FCC3F500C3C2AA /* DDFileLogger.m */ = {isa = PBXFileReference; fileEncoding = 4; lastKnownFileType = sourcecode.c.objc; path = DDFileLogger.m; sourceTree = "<group>"; };
		FA28FD0319FCC3F500C3C2AA /* DDLog.h */ = {isa = PBXFileReference; fileEncoding = 4; lastKnownFileType = sourcecode.c.h; path = DDLog.h; sourceTree = "<group>"; };
		FA28FD0419FCC3F500C3C2AA /* DDLog.m */ = {isa = PBXFileReference; fileEncoding = 4; lastKnownFileType = sourcecode.c.objc; path = DDLog.m; sourceTree = "<group>"; };
		FA28FD0519FCC3F500C3C2AA /* DDTTYLogger.h */ = {isa = PBXFileReference; fileEncoding = 4; lastKnownFileType = sourcecode.c.h; path = DDTTYLogger.h; sourceTree = "<group>"; };
		FA28FD0619FCC3F500C3C2AA /* DDTTYLogger.m */ = {isa = PBXFileReference; fileEncoding = 4; lastKnownFileType = sourcecode.c.objc; path = DDTTYLogger.m; sourceTree = "<group>"; };
		FA28FD0819FCC3F500C3C2AA /* ContextFilterLogFormatter.h */ = {isa = PBXFileReference; fileEncoding = 4; lastKnownFileType = sourcecode.c.h; path = ContextFilterLogFormatter.h; sourceTree = "<group>"; };
		FA28FD0919FCC3F500C3C2AA /* ContextFilterLogFormatter.m */ = {isa = PBXFileReference; fileEncoding = 4; lastKnownFileType = sourcecode.c.objc; path = ContextFilterLogFormatter.m; sourceTree = "<group>"; };
		FA28FD0A19FCC3F500C3C2AA /* DispatchQueueLogFormatter.h */ = {isa = PBXFileReference; fileEncoding = 4; lastKnownFileType = sourcecode.c.h; path = DispatchQueueLogFormatter.h; sourceTree = "<group>"; };
		FA28FD0B19FCC3F500C3C2AA /* DispatchQueueLogFormatter.m */ = {isa = PBXFileReference; fileEncoding = 4; lastKnownFileType = sourcecode.c.objc; path = DispatchQueueLogFormatter.m; sourceTree = "<group>"; };
/* End PBXFileReference section */

/* Begin PBXFrameworksBuildPhase section */
		F4927C8F18224EE900C1A82D /* Frameworks */ = {
			isa = PBXFrameworksBuildPhase;
			buildActionMask = 2147483647;
			files = (
				F439CA2B1822A01B002F09E2 /* IOKit.framework in Frameworks */,
				F4927C9618224EE900C1A82D /* Cocoa.framework in Frameworks */,
				FA01EDE019FCCB3E00034F00 /* HueSDK_OSX.framework in Frameworks */,
			);
			runOnlyForDeploymentPostprocessing = 0;
		};
		F4927CB018224EE900C1A82D /* Frameworks */ = {
			isa = PBXFrameworksBuildPhase;
			buildActionMask = 2147483647;
			files = (
				F4927CB618224EE900C1A82D /* Cocoa.framework in Frameworks */,
				F4927CB518224EE900C1A82D /* XCTest.framework in Frameworks */,
			);
			runOnlyForDeploymentPostprocessing = 0;
		};
/* End PBXFrameworksBuildPhase section */

/* Begin PBXGroup section */
		F4927C8918224EE900C1A82D = {
			isa = PBXGroup;
			children = (
				F4927C9B18224EE900C1A82D /* 481AMP */,
				F4927CB918224EE900C1A82D /* 481AMP */,
				F4927C9418224EE900C1A82D /* Frameworks */,
				F4927C9318224EE900C1A82D /* Products */,
			);
			sourceTree = "<group>";
		};
		F4927C9318224EE900C1A82D /* Products */ = {
			isa = PBXGroup;
			children = (
				F4927C9218224EE900C1A82D /* 481AMP.app */,
				F4927CB318224EE900C1A82D /* 481AMPTests.xctest */,
			);
			name = Products;
			sourceTree = "<group>";
		};
		F4927C9418224EE900C1A82D /* Frameworks */ = {
			isa = PBXGroup;
			children = (
				FA01EDDF19FCCB3E00034F00 /* HueSDK_OSX.framework */,
				F439CA2A1822A01B002F09E2 /* IOKit.framework */,
				F4927C9518224EE900C1A82D /* Cocoa.framework */,
				F4927CB418224EE900C1A82D /* XCTest.framework */,
				F4927C9718224EE900C1A82D /* Other Frameworks */,
			);
			name = Frameworks;
			path = 481AMP;
			sourceTree = "<group>";
		};
		F4927C9718224EE900C1A82D /* Other Frameworks */ = {
			isa = PBXGroup;
			children = (
				F4927C9818224EE900C1A82D /* AppKit.framework */,
				F4927C9918224EE900C1A82D /* CoreData.framework */,
				F4927C9A18224EE900C1A82D /* Foundation.framework */,
			);
			name = "Other Frameworks";
			sourceTree = "<group>";
		};
		F4927C9B18224EE900C1A82D /* 481AMP */ = {
			isa = PBXGroup;
			children = (
				FA01EDE219FDC41A00034F00 /* SDKWizard */,
				FA28FCDF19FC451300C3C2AA /* library */,
				FA28FCDE19FC450F00C3C2AA /* dep */,
				FA28FCFC19FCC3F500C3C2AA /* Lumberjack */,
				FA01EDCF19FCCADD00034F00 /* AMPAppDelegate.h */,
				FA01EDD019FCCAF300034F00 /* AMPAppDelegate.m */,
				FA01EE0C19FE139600034F00 /* AMPHueWindowController.h */,
				FA01EE0D19FE139600034F00 /* AMPHueWindowController.m */,
				FA01EDD119FCCAF300034F00 /* AMPGalileoWindowController.h */,
				FA01EDD219FCCAF300034F00 /* AMPGalileoWindowController.m */,
				FA01EE0F19FE827400034F00 /* AMPDataManager.h */,
				FA01EE1019FE827400034F00 /* AMPDataManager.m */,
				FA01EDF619FDC5D700034F00 /* AMPControlLightsViewController.h */,
				FA01EDF719FDC5D700034F00 /* AMPControlLightsViewController.m */,
				FA01EDF819FDC5D700034F00 /* AMPControlLightsViewController.xib */,
				FA01EDD319FCCAF300034F00 /* AMPMainViewController.h */,
				FA01EDD419FCCAF300034F00 /* AMPMainViewController.m */,
				FA01EDD519FCCAF300034F00 /* AMPMainViewController.xib */,
				FA01EDDA19FCCB0C00034F00 /* MainMenu.xib */,
				FA01EDDC19FCCB0C00034F00 /* Images.xcassets */,
				F4927C9C18224EE900C1A82D /* Supporting Files */,
			);
			path = 481AMP;
			sourceTree = "<group>";
		};
		F4927C9C18224EE900C1A82D /* Supporting Files */ = {
			isa = PBXGroup;
			children = (
				F4927C9D18224EE900C1A82D /* 481AMP-Info.plist */,
				F4927C9E18224EE900C1A82D /* InfoPlist.strings */,
				F4927CA118224EE900C1A82D /* main.m */,
				F4927CA318224EE900C1A82D /* 481AMP-Prefix.pch */,
				F4927CA418224EE900C1A82D /* Credits.rtf */,
			);
			name = "Supporting Files";
			sourceTree = "<group>";
		};
		F4927CB918224EE900C1A82D /* 481AMP */ = {
			isa = PBXGroup;
			children = (
				FA01EDB419FCCA4300034F00 /* 481AMPTests.m */,
				F4927CBA18224EE900C1A82D /* Supporting Files */,
			);
			name = 481AMP;
			path = 481AMPTests;
			sourceTree = "<group>";
		};
		F4927CBA18224EE900C1A82D /* Supporting Files */ = {
			isa = PBXGroup;
			children = (
				F4927CBB18224EE900C1A82D /* 481AMPTests-Info.plist */,
				F4927CBC18224EEA00C1A82D /* InfoPlist.strings */,
			);
			name = "Supporting Files";
			sourceTree = "<group>";
		};
		FA01EDE219FDC41A00034F00 /* SDKWizard */ = {
			isa = PBXGroup;
			children = (
				FA01EDE319FDC41A00034F00 /* LoadingView */,
				FA01EDE719FDC41A00034F00 /* PHBridgePushLinkViewController.h */,
				FA01EDE819FDC41A00034F00 /* PHBridgePushLinkViewController.m */,
				FA01EDE919FDC41A00034F00 /* PHBridgePushLinkViewController.xib */,
				FA01EDEA19FDC41A00034F00 /* PHBridgeSelectionViewController.h */,
				FA01EDEB19FDC41A00034F00 /* PHBridgeSelectionViewController.m */,
				FA01EDEC19FDC41A00034F00 /* PHBridgeSelectionViewController.xib */,
				FA01EDED19FDC41A00034F00 /* Resources */,
			);
			path = SDKWizard;
			sourceTree = SOURCE_ROOT;
		};
		FA01EDE319FDC41A00034F00 /* LoadingView */ = {
			isa = PBXGroup;
			children = (
				FA01EDE419FDC41A00034F00 /* PHLoadingViewController.h */,
				FA01EDE519FDC41A00034F00 /* PHLoadingViewController.m */,
				FA01EDE619FDC41A00034F00 /* PHLoadingViewController.xib */,
			);
			path = LoadingView;
			sourceTree = "<group>";
		};
		FA01EDED19FDC41A00034F00 /* Resources */ = {
			isa = PBXGroup;
			children = (
				FA01EDEE19FDC41A00034F00 /* press_smartbridge.png */,
			);
			path = Resources;
			sourceTree = "<group>";
		};
		FA28FCDE19FC450F00C3C2AA /* dep */ = {
			isa = PBXGroup;
			children = (
				FA01EDC919FCCACF00034F00 /* ORSSerialPort.h */,
				FA01EDCA19FCCACF00034F00 /* ORSSerialPort.m */,
				FA01EDCB19FCCACF00034F00 /* ORSSerialPortManager.h */,
				FA01EDCC19FCCACF00034F00 /* ORSSerialPortManager.m */,
			);
			name = dep;
			path = ../481AMP/deps;
			sourceTree = "<group>";
		};
		FA28FCDF19FC451300C3C2AA /* library */ = {
			isa = PBXGroup;
			children = (
				FA01EDB619FCCAAC00034F00 /* ADArduino.h */,
				FA01EDB719FCCAAC00034F00 /* ADArduino.m */,
				FA01EDB819FCCAAC00034F00 /* ADArduinoPin.h */,
				FA01EDB919FCCAAC00034F00 /* ADArduinoPin.m */,
				FA01EDBA19FCCAAC00034F00 /* ADCircularBuffer.c */,
				FA01EDBB19FCCAAC00034F00 /* ADCircularBuffer.h */,
				FA01EDBC19FCCAAC00034F00 /* ADFirmata.h */,
				FA01EDBD19FCCAAC00034F00 /* ADFirmata.m */,
				FA01EDBE19FCCAAC00034F00 /* ADFirmataConst.h */,
				FA01EDBF19FCCAAC00034F00 /* ADSerialPort.h */,
				FA01EDC019FCCAAC00034F00 /* ADSerialPort.m */,
				FA28FCF019FC454400C3C2AA /* osx */,
			);
			name = library;
			path = ../481AMP/Library;
			sourceTree = "<group>";
		};
		FA28FCF019FC454400C3C2AA /* osx */ = {
			isa = PBXGroup;
			children = (
				FA01EDC619FCCABB00034F00 /* ADUnixSerialPort.h */,
				FA01EDC719FCCABB00034F00 /* ADUnixSerialPort.m */,
			);
			name = osx;
			path = Library/osx;
			sourceTree = "<group>";
		};
		FA28FCFC19FCC3F500C3C2AA /* Lumberjack */ = {
			isa = PBXGroup;
			children = (
				FA28FCFD19FCC3F500C3C2AA /* DDAbstractDatabaseLogger.h */,
				FA28FCFE19FCC3F500C3C2AA /* DDAbstractDatabaseLogger.m */,
				FA28FCFF19FCC3F500C3C2AA /* DDASLLogger.h */,
				FA28FD0019FCC3F500C3C2AA /* DDASLLogger.m */,
				FA28FD0119FCC3F500C3C2AA /* DDFileLogger.h */,
				FA28FD0219FCC3F500C3C2AA /* DDFileLogger.m */,
				FA28FD0319FCC3F500C3C2AA /* DDLog.h */,
				FA28FD0419FCC3F500C3C2AA /* DDLog.m */,
				FA28FD0519FCC3F500C3C2AA /* DDTTYLogger.h */,
				FA28FD0619FCC3F500C3C2AA /* DDTTYLogger.m */,
				FA28FD0719FCC3F500C3C2AA /* Extensions */,
			);
			name = Lumberjack;
			path = ../481AMP/Lumberjack;
			sourceTree = "<group>";
		};
		FA28FD0719FCC3F500C3C2AA /* Extensions */ = {
			isa = PBXGroup;
			children = (
				FA28FD0819FCC3F500C3C2AA /* ContextFilterLogFormatter.h */,
				FA28FD0919FCC3F500C3C2AA /* ContextFilterLogFormatter.m */,
				FA28FD0A19FCC3F500C3C2AA /* DispatchQueueLogFormatter.h */,
				FA28FD0B19FCC3F500C3C2AA /* DispatchQueueLogFormatter.m */,
			);
			path = Extensions;
			sourceTree = "<group>";
		};
/* End PBXGroup section */

/* Begin PBXNativeTarget section */
		F4927C9118224EE900C1A82D /* 481AMP */ = {
			isa = PBXNativeTarget;
			buildConfigurationList = F4927CC318224EEA00C1A82D /* Build configuration list for PBXNativeTarget "481AMP" */;
			buildPhases = (
				F4927C8E18224EE900C1A82D /* Sources */,
				F4927C8F18224EE900C1A82D /* Frameworks */,
				F4927C9018224EE900C1A82D /* Resources */,
			);
			buildRules = (
			);
			dependencies = (
			);
			name = 481AMP;
			productName = 481AMP;
			productReference = F4927C9218224EE900C1A82D /* 481AMP.app */;
			productType = "com.apple.product-type.application";
		};
		F4927CB218224EE900C1A82D /* 481AMPTests */ = {
			isa = PBXNativeTarget;
			buildConfigurationList = F4927CC618224EEA00C1A82D /* Build configuration list for PBXNativeTarget "481AMPTests" */;
			buildPhases = (
				F4927CAF18224EE900C1A82D /* Sources */,
				F4927CB018224EE900C1A82D /* Frameworks */,
				F4927CB118224EE900C1A82D /* Resources */,
			);
			buildRules = (
			);
			dependencies = (
				F4927CB818224EE900C1A82D /* PBXTargetDependency */,
			);
			name = 481AMPTests;
			productName = 481AMPTests;
			productReference = F4927CB318224EE900C1A82D /* 481AMPTests.xctest */;
			productType = "com.apple.product-type.bundle.unit-test";
		};
/* End PBXNativeTarget section */

/* Begin PBXProject section */
		F4927C8A18224EE900C1A82D /* Project object */ = {
			isa = PBXProject;
			attributes = {
				CLASSPREFIX = AD;
				LastUpgradeCheck = 0500;
				ORGANIZATIONNAME = "Fiore Basile";
				TargetAttributes = {
					F4927CB218224EE900C1A82D = {
						TestTargetID = F4927C9118224EE900C1A82D;
					};
				};
			};
			buildConfigurationList = F4927C8D18224EE900C1A82D /* Build configuration list for PBXProject "481AMP" */;
			compatibilityVersion = "Xcode 3.2";
			developmentRegion = English;
			hasScannedForEncodings = 0;
			knownRegions = (
				en,
				Base,
			);
			mainGroup = F4927C8918224EE900C1A82D;
			productRefGroup = F4927C9318224EE900C1A82D /* Products */;
			projectDirPath = "";
			projectRoot = "";
			targets = (
				F4927C9118224EE900C1A82D /* 481AMP */,
				F4927CB218224EE900C1A82D /* 481AMPTests */,
			);
		};
/* End PBXProject section */

/* Begin PBXResourcesBuildPhase section */
		F4927C9018224EE900C1A82D /* Resources */ = {
			isa = PBXResourcesBuildPhase;
			buildActionMask = 2147483647;
			files = (
				FA01EDF219FDC41A00034F00 /* PHBridgePushLinkViewController.xib in Resources */,
				F4927CA018224EE900C1A82D /* InfoPlist.strings in Resources */,
				FA01EDF019FDC41A00034F00 /* PHLoadingViewController.xib in Resources */,
				FA01EDF519FDC41A00034F00 /* press_smartbridge.png in Resources */,
				FA01EDFA19FDC5D700034F00 /* AMPControlLightsViewController.xib in Resources */,
				FA01EDDE19FCCB0C00034F00 /* Images.xcassets in Resources */,
				F4927CA618224EE900C1A82D /* Credits.rtf in Resources */,
				FA01EDD919FCCAF300034F00 /* AMPMainViewController.xib in Resources */,
				FA01EDF419FDC41A00034F00 /* PHBridgeSelectionViewController.xib in Resources */,
				FA01EDDD19FCCB0C00034F00 /* MainMenu.xib in Resources */,
			);
			runOnlyForDeploymentPostprocessing = 0;
		};
		F4927CB118224EE900C1A82D /* Resources */ = {
			isa = PBXResourcesBuildPhase;
			buildActionMask = 2147483647;
			files = (
				F4927CBE18224EEA00C1A82D /* InfoPlist.strings in Resources */,
			);
			runOnlyForDeploymentPostprocessing = 0;
		};
/* End PBXResourcesBuildPhase section */

/* Begin PBXSourcesBuildPhase section */
		F4927C8E18224EE900C1A82D /* Sources */ = {
			isa = PBXSourcesBuildPhase;
			buildActionMask = 2147483647;
			files = (
				FA01EDF919FDC5D700034F00 /* AMPControlLightsViewController.m in Sources */,
				F4927CA218224EE900C1A82D /* main.m in Sources */,
				FA01EE1119FE827400034F00 /* AMPDataManager.m in Sources */,
				FA01EDC419FCCAAC00034F00 /* ADFirmata.m in Sources */,
				FA01EDF319FDC41A00034F00 /* PHBridgeSelectionViewController.m in Sources */,
				FA01EDD819FCCAF300034F00 /* AMPMainViewController.m in Sources */,
				FA28FD1019FCC3F500C3C2AA /* DDTTYLogger.m in Sources */,
				FA28FD0E19FCC3F500C3C2AA /* DDFileLogger.m in Sources */,
				FA01EDEF19FDC41A00034F00 /* PHLoadingViewController.m in Sources */,
				FA01EDC319FCCAAC00034F00 /* ADCircularBuffer.c in Sources */,
				FA01EDC819FCCABB00034F00 /* ADUnixSerialPort.m in Sources */,
				FA28FD1219FCC3F500C3C2AA /* DispatchQueueLogFormatter.m in Sources */,
				FA28FD0C19FCC3F500C3C2AA /* DDAbstractDatabaseLogger.m in Sources */,
				FA28FD0F19FCC3F500C3C2AA /* DDLog.m in Sources */,
				FA01EDC119FCCAAC00034F00 /* ADArduino.m in Sources */,
				FA28FD0D19FCC3F500C3C2AA /* DDASLLogger.m in Sources */,
				FA01EE0E19FE139600034F00 /* AMPHueWindowController.m in Sources */,
				FA01EDD719FCCAF300034F00 /* AMPGalileoWindowController.m in Sources */,
				FA28FD1119FCC3F500C3C2AA /* ContextFilterLogFormatter.m in Sources */,
				FA01EDD619FCCAF300034F00 /* AMPAppDelegate.m in Sources */,
				FA01EDC219FCCAAC00034F00 /* ADArduinoPin.m in Sources */,
				FA01EDCE19FCCACF00034F00 /* ORSSerialPortManager.m in Sources */,
				FA01EDCD19FCCACF00034F00 /* ORSSerialPort.m in Sources */,
				FA01EDF119FDC41A00034F00 /* PHBridgePushLinkViewController.m in Sources */,
				FA01EDC519FCCAAC00034F00 /* ADSerialPort.m in Sources */,
			);
			runOnlyForDeploymentPostprocessing = 0;
		};
		F4927CAF18224EE900C1A82D /* Sources */ = {
			isa = PBXSourcesBuildPhase;
			buildActionMask = 2147483647;
			files = (
				FA01EDE119FCCC8D00034F00 /* 481AMPTests.m in Sources */,
			);
			runOnlyForDeploymentPostprocessing = 0;
		};
/* End PBXSourcesBuildPhase section */

/* Begin PBXTargetDependency section */
		F4927CB818224EE900C1A82D /* PBXTargetDependency */ = {
			isa = PBXTargetDependency;
			target = F4927C9118224EE900C1A82D /* 481AMP */;
			targetProxy = F4927CB718224EE900C1A82D /* PBXContainerItemProxy */;
		};
/* End PBXTargetDependency section */

/* Begin PBXVariantGroup section */
		F4927C9E18224EE900C1A82D /* InfoPlist.strings */ = {
			isa = PBXVariantGroup;
			children = (
				F4927C9F18224EE900C1A82D /* en */,
			);
			name = InfoPlist.strings;
			sourceTree = "<group>";
		};
		F4927CA418224EE900C1A82D /* Credits.rtf */ = {
			isa = PBXVariantGroup;
			children = (
				F4927CA518224EE900C1A82D /* en */,
			);
			name = Credits.rtf;
			sourceTree = "<group>";
		};
		F4927CBC18224EEA00C1A82D /* InfoPlist.strings */ = {
			isa = PBXVariantGroup;
			children = (
				F4927CBD18224EEA00C1A82D /* en */,
			);
			name = InfoPlist.strings;
			sourceTree = "<group>";
		};
		FA01EDDA19FCCB0C00034F00 /* MainMenu.xib */ = {
			isa = PBXVariantGroup;
			children = (
				FA01EDDB19FCCB0C00034F00 /* Base */,
			);
			name = MainMenu.xib;
			sourceTree = "<group>";
		};
/* End PBXVariantGroup section */

/* Begin XCBuildConfiguration section */
		F4927CC118224EEA00C1A82D /* Debug */ = {
			isa = XCBuildConfiguration;
			buildSettings = {
				ALWAYS_SEARCH_USER_PATHS = NO;
				CLANG_CXX_LANGUAGE_STANDARD = "gnu++0x";
				CLANG_CXX_LIBRARY = "libc++";
				CLANG_ENABLE_OBJC_ARC = YES;
				CLANG_WARN_BOOL_CONVERSION = YES;
				CLANG_WARN_CONSTANT_CONVERSION = YES;
				CLANG_WARN_DIRECT_OBJC_ISA_USAGE = YES_ERROR;
				CLANG_WARN_EMPTY_BODY = YES;
				CLANG_WARN_ENUM_CONVERSION = YES;
				CLANG_WARN_INT_CONVERSION = YES;
				CLANG_WARN_OBJC_ROOT_CLASS = YES_ERROR;
				CLANG_WARN__DUPLICATE_METHOD_MATCH = YES;
				COPY_PHASE_STRIP = NO;
				GCC_C_LANGUAGE_STANDARD = gnu99;
				GCC_DYNAMIC_NO_PIC = NO;
				GCC_ENABLE_OBJC_EXCEPTIONS = YES;
				GCC_OPTIMIZATION_LEVEL = 0;
				GCC_PREPROCESSOR_DEFINITIONS = (
					"DEBUG=1",
					"$(inherited)",
				);
				GCC_SYMBOLS_PRIVATE_EXTERN = NO;
				GCC_WARN_64_TO_32_BIT_CONVERSION = YES;
				GCC_WARN_ABOUT_RETURN_TYPE = YES_ERROR;
				GCC_WARN_UNDECLARED_SELECTOR = YES;
				GCC_WARN_UNINITIALIZED_AUTOS = YES;
				GCC_WARN_UNUSED_FUNCTION = YES;
				GCC_WARN_UNUSED_VARIABLE = YES;
				MACOSX_DEPLOYMENT_TARGET = 10.9;
				ONLY_ACTIVE_ARCH = YES;
				SDKROOT = macosx;
			};
			name = Debug;
		};
		F4927CC218224EEA00C1A82D /* Release */ = {
			isa = XCBuildConfiguration;
			buildSettings = {
				ALWAYS_SEARCH_USER_PATHS = NO;
				CLANG_CXX_LANGUAGE_STANDARD = "gnu++0x";
				CLANG_CXX_LIBRARY = "libc++";
				CLANG_ENABLE_OBJC_ARC = YES;
				CLANG_WARN_BOOL_CONVERSION = YES;
				CLANG_WARN_CONSTANT_CONVERSION = YES;
				CLANG_WARN_DIRECT_OBJC_ISA_USAGE = YES_ERROR;
				CLANG_WARN_EMPTY_BODY = YES;
				CLANG_WARN_ENUM_CONVERSION = YES;
				CLANG_WARN_INT_CONVERSION = YES;
				CLANG_WARN_OBJC_ROOT_CLASS = YES_ERROR;
				CLANG_WARN__DUPLICATE_METHOD_MATCH = YES;
				COPY_PHASE_STRIP = YES;
				DEBUG_INFORMATION_FORMAT = "dwarf-with-dsym";
				ENABLE_NS_ASSERTIONS = NO;
				GCC_C_LANGUAGE_STANDARD = gnu99;
				GCC_ENABLE_OBJC_EXCEPTIONS = YES;
				GCC_WARN_64_TO_32_BIT_CONVERSION = YES;
				GCC_WARN_ABOUT_RETURN_TYPE = YES_ERROR;
				GCC_WARN_UNDECLARED_SELECTOR = YES;
				GCC_WARN_UNINITIALIZED_AUTOS = YES;
				GCC_WARN_UNUSED_FUNCTION = YES;
				GCC_WARN_UNUSED_VARIABLE = YES;
				MACOSX_DEPLOYMENT_TARGET = 10.9;
				SDKROOT = macosx;
			};
			name = Release;
		};
		F4927CC418224EEA00C1A82D /* Debug */ = {
			isa = XCBuildConfiguration;
			buildSettings = {
				ASSETCATALOG_COMPILER_APPICON_NAME = AppIcon;
				COMBINE_HIDPI_IMAGES = YES;
				FRAMEWORK_SEARCH_PATHS = (
					"$(inherited)",
					"$(PROJECT_DIR)/481AMP",
					"$(PROJECT_DIR)/481AMP",
				);
				GCC_PRECOMPILE_PREFIX_HEADER = YES;
				GCC_PREFIX_HEADER = "481AMP/481AMP-Prefix.pch";
				INFOPLIST_FILE = "481AMP/481AMP-Info.plist";
				OTHER_LDFLAGS = "-ObjC";
				PRODUCT_NAME = 481AMP;
				WRAPPER_EXTENSION = app;
			};
			name = Debug;
		};
		F4927CC518224EEA00C1A82D /* Release */ = {
			isa = XCBuildConfiguration;
			buildSettings = {
				ASSETCATALOG_COMPILER_APPICON_NAME = AppIcon;
				COMBINE_HIDPI_IMAGES = YES;
				FRAMEWORK_SEARCH_PATHS = (
					"$(inherited)",
					"$(PROJECT_DIR)/481AMP",
					"$(PROJECT_DIR)/481AMP",
				);
				GCC_PRECOMPILE_PREFIX_HEADER = YES;
				GCC_PREFIX_HEADER = "481AMP/481AMP-Prefix.pch";
				INFOPLIST_FILE = "481AMP/481AMP-Info.plist";
				OTHER_LDFLAGS = "-ObjC";
				PRODUCT_NAME = 481AMP;
				WRAPPER_EXTENSION = app;
			};
			name = Release;
		};
		F4927CC718224EEA00C1A82D /* Debug */ = {
			isa = XCBuildConfiguration;
			buildSettings = {
				BUNDLE_LOADER = "$(BUILT_PRODUCTS_DIR)/481AMP.app/Contents/MacOS/481AMP";
				COMBINE_HIDPI_IMAGES = YES;
				FRAMEWORK_SEARCH_PATHS = (
					"$(DEVELOPER_FRAMEWORKS_DIR)",
					"$(inherited)",
				);
				GCC_PRECOMPILE_PREFIX_HEADER = YES;
				GCC_PREFIX_HEADER = "481AMP/481AMP-Prefix.pch";
				GCC_PREPROCESSOR_DEFINITIONS = (
					"DEBUG=1",
					"$(inherited)",
				);
				INFOPLIST_FILE = "481AMPTests/481AMPTests-Info.plist";
				PRODUCT_NAME = 481AMPTests;
				TEST_HOST = "$(BUNDLE_LOADER)";
				WRAPPER_EXTENSION = xctest;
			};
			name = Debug;
		};
		F4927CC818224EEA00C1A82D /* Release */ = {
			isa = XCBuildConfiguration;
			buildSettings = {
				BUNDLE_LOADER = "$(BUILT_PRODUCTS_DIR)/481AMP.app/Contents/MacOS/481AMP";
				COMBINE_HIDPI_IMAGES = YES;
				FRAMEWORK_SEARCH_PATHS = (
					"$(DEVELOPER_FRAMEWORKS_DIR)",
					"$(inherited)",
				);
				GCC_PRECOMPILE_PREFIX_HEADER = YES;
				GCC_PREFIX_HEADER = "481AMP/481AMP-Prefix.pch";
				INFOPLIST_FILE = "481AMPTests/481AMPTests-Info.plist";
				PRODUCT_NAME = 481AMPTests;
				TEST_HOST = "$(BUNDLE_LOADER)";
				WRAPPER_EXTENSION = xctest;
			};
			name = Release;
		};
/* End XCBuildConfiguration section */

/* Begin XCConfigurationList section */
		F4927C8D18224EE900C1A82D /* Build configuration list for PBXProject "481AMP" */ = {
			isa = XCConfigurationList;
			buildConfigurations = (
				F4927CC118224EEA00C1A82D /* Debug */,
				F4927CC218224EEA00C1A82D /* Release */,
			);
			defaultConfigurationIsVisible = 0;
			defaultConfigurationName = Release;
		};
		F4927CC318224EEA00C1A82D /* Build configuration list for PBXNativeTarget "481AMP" */ = {
			isa = XCConfigurationList;
			buildConfigurations = (
				F4927CC418224EEA00C1A82D /* Debug */,
				F4927CC518224EEA00C1A82D /* Release */,
			);
			defaultConfigurationIsVisible = 0;
			defaultConfigurationName = Release;
		};
		F4927CC618224EEA00C1A82D /* Build configuration list for PBXNativeTarget "481AMPTests" */ = {
			isa = XCConfigurationList;
			buildConfigurations = (
				F4927CC718224EEA00C1A82D /* Debug */,
				F4927CC818224EEA00C1A82D /* Release */,
			);
			defaultConfigurationIsVisible = 0;
			defaultConfigurationName = Release;
		};
/* End XCConfigurationList section */
	};
	rootObject = F4927C8A18224EE900C1A82D /* Project object */;
}
